
Microsoft Visual Studio Solution File, Format Version 12.00
# Visual Studio Version 17
VisualStudioVersion = 17.9.34701.34
MinimumVisualStudioVersion = 10.0.40219.1
Project("{FAE04EC0-301F-11D3-BF4B-00C04F79EFBC}") = "BookstoreClient", "BookstoreClient.csproj", "{87BE1734-DA7A-4826-8AAE-9419CFB1049D}"
EndProject
Global
	GlobalSection(SolutionConfigurationPlatforms) = preSolution
		Debug|Any CPU = Debug|Any CPU
		Release|Any CPU = Release|Any CPU
	EndGlobalSection
	GlobalSection(ProjectConfigurationPlatforms) = postSolution
		{87BE1734-DA7A-4826-8AAE-9419CFB1049D}.Debug|Any CPU.ActiveCfg = Debug|Any CPU
		{87BE1734-DA7A-4826-8AAE-9419CFB1049D}.Debug|Any CPU.Build.0 = Debug|Any CPU
		{87BE1734-DA7A-4826-8AAE-9419CFB1049D}.Release|Any CPU.ActiveCfg = Release|Any CPU
		{87BE1734-DA7A-4826-8AAE-9419CFB1049D}.Release|Any CPU.Build.0 = Release|Any CPU
	EndGlobalSection
	GlobalSection(SolutionProperties) = preSolution
		HideSolutionNode = FALSE
	EndGlobalSection
	GlobalSection(ExtensibilityGlobals) = postSolution
		SolutionGuid = {4045C054-EB1F-4533-84E6-36C1A2AD8301}
	EndGlobalSection
EndGlobal
